{
  "name": "Capstone-2026",
  "lockfileVersion": 3,
  "requires": true,
  "packages": {
    "": {
      "dependencies": {
        "@bcgov/bc-sans": "^2.1.0"
      }
    },
    "node_modules/@bcgov/bc-sans": {
      "version": "2.1.0",
      "resolved": "https://registry.npmjs.org/@bcgov/bc-sans/-/bc-sans-2.1.0.tgz",
      "integrity": "sha512-1MesF4NAVpM5dywoJ68wNcBylHbPqg1dDV/FNuQm0BbspETGlPmfX8LG8rtrCjCAPhWuL2qRT/lBYDUMvFTUnw==",
      "license": "SIL"
    }
  }
}
